
Microsoft Visual Studio Solution File, Format Version 12.00
# Visual Studio 2013
VisualStudioVersion = 12.0.31101.0
MinimumVisualStudioVersion = 10.0.40219.1
Project("{FAE04EC0-301F-11D3-BF4B-00C04F79EFBC}") = "KafkaService", "KafkaService\KafkaService.csproj", "{3933E380-8E6C-4C83-AE76-425747E29001}"
EndProject
Project("{2150E333-8FDC-42A3-9474-1A3956D46DE8}") = "Solution Items", "Solution Items", "{2C40D7B9-1724-40E7-B092-956BD2D5AE85}"
	ProjectSection(SolutionItems) = preProject
		LICENSE = LICENSE
		README.md = README.md
	EndProjectSection
EndProject
Global
	GlobalSection(SolutionConfigurationPlatforms) = preSolution
		Debug|Any CPU = Debug|Any CPU
		Release|Any CPU = Release|Any CPU
	EndGlobalSection
	GlobalSection(ProjectConfigurationPlatforms) = postSolution
		{3933E380-8E6C-4C83-AE76-425747E29001}.Debug|Any CPU.ActiveCfg = Debug|Any CPU
		{3933E380-8E6C-4C83-AE76-425747E29001}.Debug|Any CPU.Build.0 = Debug|Any CPU
		{3933E380-8E6C-4C83-AE76-425747E29001}.Release|Any CPU.ActiveCfg = Release|Any CPU
		{3933E380-8E6C-4C83-AE76-425747E29001}.Release|Any CPU.Build.0 = Release|Any CPU
	EndGlobalSection
	GlobalSection(SolutionProperties) = preSolution
		HideSolutionNode = FALSE
	EndGlobalSection
EndGlobal
